
Microsoft Visual Studio Solution File, Format Version 12.00
# Visual Studio 15
VisualStudioVersion = 15.0.27428.2043
MinimumVisualStudioVersion = 10.0.40219.1
Project("{FAE04EC0-301F-11D3-BF4B-00C04F79EFBC}") = "QlThucDon", "QlThucDon\QlThucDon.csproj", "{0C1B4C84-454F-4109-8B5D-5312ACA30207}"
EndProject
Project("{FAE04EC0-301F-11D3-BF4B-00C04F79EFBC}") = "DataAccessLayer", "DataAccessLayer\DataAccessLayer\DataAccessLayer.csproj", "{53258CCD-D7CF-4DDE-AE61-69AC3BFE023C}"
EndProject
Project("{FAE04EC0-301F-11D3-BF4B-00C04F79EFBC}") = "BusinessLogicLayer", "BusinessLogicLayer\BusinessLogicLayer.csproj", "{D548D6DE-67A7-4A60-B894-639428AB4852}"
EndProject
Global
	GlobalSection(SolutionConfigurationPlatforms) = preSolution
		Debug|Any CPU = Debug|Any CPU
		Release|Any CPU = Release|Any CPU
	EndGlobalSection
	GlobalSection(ProjectConfigurationPlatforms) = postSolution
		{0C1B4C84-454F-4109-8B5D-5312ACA30207}.Debug|Any CPU.ActiveCfg = Debug|Any CPU
		{0C1B4C84-454F-4109-8B5D-5312ACA30207}.Debug|Any CPU.Build.0 = Debug|Any CPU
		{0C1B4C84-454F-4109-8B5D-5312ACA30207}.Release|Any CPU.ActiveCfg = Release|Any CPU
		{0C1B4C84-454F-4109-8B5D-5312ACA30207}.Release|Any CPU.Build.0 = Release|Any CPU
		{53258CCD-D7CF-4DDE-AE61-69AC3BFE023C}.Debug|Any CPU.ActiveCfg = Debug|Any CPU
		{53258CCD-D7CF-4DDE-AE61-69AC3BFE023C}.Debug|Any CPU.Build.0 = Debug|Any CPU
		{53258CCD-D7CF-4DDE-AE61-69AC3BFE023C}.Release|Any CPU.ActiveCfg = Release|Any CPU
		{53258CCD-D7CF-4DDE-AE61-69AC3BFE023C}.Release|Any CPU.Build.0 = Release|Any CPU
		{D548D6DE-67A7-4A60-B894-639428AB4852}.Debug|Any CPU.ActiveCfg = Debug|Any CPU
		{D548D6DE-67A7-4A60-B894-639428AB4852}.Debug|Any CPU.Build.0 = Debug|Any CPU
		{D548D6DE-67A7-4A60-B894-639428AB4852}.Release|Any CPU.ActiveCfg = Release|Any CPU
		{D548D6DE-67A7-4A60-B894-639428AB4852}.Release|Any CPU.Build.0 = Release|Any CPU
	EndGlobalSection
	GlobalSection(SolutionProperties) = preSolution
		HideSolutionNode = FALSE
	EndGlobalSection
	GlobalSection(ExtensibilityGlobals) = postSolution
		SolutionGuid = {8F578EE9-3E2B-4805-867B-DBC21E0BC349}
	EndGlobalSection
EndGlobal
